<Solution>
  <Folder Name="/apps/">
    <Project Path="apps/agent/Puntiro.Agent.csproj" />
    <Project Path="apps/cloud/Puntiro.Cloud.csproj" />
    <Project Path="apps/kiosk-shell/Puntiro.KioskShell.csproj" />
  </Folder>
  <Folder Name="/src/">
    <Project Path="src/Puntiro.Contracts/Puntiro.Contracts.csproj" />
    <Project Path="src/Puntiro.Security/Puntiro.Security.csproj" />
    <Project Path="src/Puntiro.Modules.Identity/Puntiro.Modules.Identity.csproj" />
    <Project Path="src/Puntiro.Modules.Tenancy/Puntiro.Modules.Tenancy.csproj" />
    <Project Path="src/Puntiro.Modules.Integrations/Puntiro.Modules.Integrations.csproj" />
  </Folder>
  <Folder Name="/tests/">
    <Project Path="tests/Puntiro.UnitTests/Puntiro.UnitTests.csproj" />
    <Project Path="tests/Puntiro.IntegrationTests/Puntiro.IntegrationTests.csproj" />
  </Folder>
  <Folder Name="/tools/">
    <Project Path="tools/Puntiro.Provisioning/Puntiro.Provisioning.csproj" />
  </Folder>
</Solution>
